# Reproducible development lockfile for ProfileDock (Base + Test + Playwright + Interactive)
annotated-doc==0.0.5
ast-serialize==0.8.0
colorama==0.4.6
execnet==2.1.2
greenlet==3.5.5
iniconfig==2.3.0
librt==0.15.0
linkify-it-py==2.1.0
markdown-it-py==4.2.0
mdit-py-plugins==0.6.1
mdurl==0.1.2
mypy==2.3.1
mypy_extensions==1.1.0
packaging==26.3
pathspec==1.1.1
platformdirs==4.11.4
playwright==1.62.0
pluggy==1.6.0
pyee==13.0.1
Pygments==2.20.0
pytest==9.1.1
pytest-asyncio==1.4.0
pytest-timeout==2.4.0
pytest-xdist==3.8.0
rich==15.0.0
ruff==0.16.4
shellingham==1.5.4
textual==8.2.8
typer==0.27.1
typing_extensions==4.16.0
uc-micro-py==2.0.0
